<?xml version="1.0" encoding="UTF-8" standalone="yes" ?>
<CodeBlocks_project_file>
	<FileVersion major="1" minor="6" />
	<Project>
		<Option title="TP-final-Lab2-Batalla-Naval" />
		<Option pch_mode="2" />
		<Option compiler="gcc" />
		<Build>
			<Target title="Debug">
				<Option output="bin/Debug/TP-final-Lab2-Batalla-Naval" prefix_auto="1" extension_auto="1" />
				<Option object_output="obj/Debug/" />
				<Option type="1" />
				<Option compiler="gcc" />
				<Compiler>
					<Add option="-g" />
				</Compiler>
				<Linker>
					<Add option="-lwinmm" />
				</Linker>
			</Target>
			<Target title="Release">
				<Option output="bin/Release/TP-final-Lab2-Batalla-Naval" prefix_auto="1" extension_auto="1" />
				<Option object_output="obj/Release/" />
				<Option type="1" />
				<Option compiler="gcc" />
				<Compiler>
					<Add option="-O2" />
				</Compiler>
				<Linker>
					<Add option="-s" />
				</Linker>
			</Target>
		</Build>
		<Compiler>
			<Add option="-Wall" />
			<Add option="-fexceptions" />
		</Compiler>
		<Unit filename="src/Cheat.cpp" />
		<Unit filename="src/Cheat.h" />
		<Unit filename="src/ComportamientoIA.cpp" />
		<Unit filename="src/ComportamientoIA.h" />
		<Unit filename="src/Consola.h" />
		<Unit filename="src/Constantes.cpp" />
		<Unit filename="src/Constantes.h" />
		<Unit filename="src/Elemento.cpp" />
		<Unit filename="src/Elemento.h" />
		<Unit filename="src/Enums.h" />
		<Unit filename="src/FuncsMulti.cpp" />
		<Unit filename="src/FuncsMulti.h" />
		<Unit filename="src/Jugador.cpp" />
		<Unit filename="src/Jugador.h" />
		<Unit filename="src/Matriz.cpp" />
		<Unit filename="src/Matriz.h" />
		<Unit filename="src/Nave.cpp" />
		<Unit filename="src/Nave.h" />
		<Unit filename="src/SharedFuncs.cpp" />
		<Unit filename="src/SharedFuncs.h" />
		<Unit filename="src/TP-final-Lab2-Batalla-Naval.cpp" />
		<Unit filename="src/UI.cpp" />
		<Unit filename="src/UI.h" />
		<Unit filename="src/rlutil.h" />
		<Extensions>
			<lib_finder disable_auto="1" />
		</Extensions>
	</Project>
</CodeBlocks_project_file>
